{"version":4,"terraform_version":"1.10.3","serial":2,"lineage":"10615c7c-8b2c-4c3c-1896-ad4adc90f39a","outputs":{"nodes":{"value":{"vm1-tofu":"192.168.122.231","vm2-tofu":"192.168.122.146","vm3-tofu":"192.168.122.218"},"type":["object",{"vm1-tofu":"string","vm2-tofu":"string","vm3-tofu":"string"}]}},"resources":[{"mode":"managed","type":"libvirt_cloudinit_disk","name":"cloudinit","provider":"provider[\"registry.opentofu.org/dmacvicar/libvirt\"]","instances":[{"index_key":"vm1-tofu","schema_version":0,"attributes":{"id":"/var/lib/libvirt/images/cloudinit-vm1-tofu.iso;6d1fb926-d7d7-4aa2-b70f-25cd4f080c07","meta_data":"","name":"cloudinit-vm1-tofu.iso","network_config":"","pool":"default","user_data":"#cloud-config\nhostname: vm1-tofu\ncreate_hostname_file: true\nssh_authorized_keys:\n  - ssh-ed25519 AAAAC3NzaC1lZDI1NTE5AAAAIFoSRGzeLhIS+fsFA3UFffenimTkRjMso8TfraxSLFp+ cibarraleonel@gmail.com\n\nssh_pwauth: true\nchpasswd:\n  list: |\n    root:mikroways\n  expire: false\n"},"sensitive_attributes":[],"private":"bnVsbA=="},{"index_key":"vm2-tofu","schema_version":0,"attributes":{"id":"/var/lib/libvirt/images/cloudinit-vm2-tofu.iso;8b40bba0-d7c7-45f9-9841-8db83029c758","meta_data":"","name":"cloudinit-vm2-tofu.iso","network_config":"","pool":"default","user_data":"#cloud-config\nhostname: vm2-tofu\ncreate_hostname_file: true\nssh_authorized_keys:\n  - ssh-ed25519 AAAAC3NzaC1lZDI1NTE5AAAAIFoSRGzeLhIS+fsFA3UFffenimTkRjMso8TfraxSLFp+ cibarraleonel@gmail.com\n\nssh_pwauth: true\nchpasswd:\n  list: |\n    root:mikroways\n  expire: false\n"},"sensitive_attributes":[],"private":"bnVsbA=="},{"index_key":"vm3-tofu","schema_version":0,"attributes":{"id":"/var/lib/libvirt/images/cloudinit-vm3-tofu.iso;fe6ad212-c20a-4dc8-b665-bee75abf1d9b","meta_data":"","name":"cloudinit-vm3-tofu.iso","network_config":"","pool":"default","user_data":"#cloud-config\nhostname: vm3-tofu\ncreate_hostname_file: true\nssh_authorized_keys:\n  - ssh-ed25519 AAAAC3NzaC1lZDI1NTE5AAAAIFoSRGzeLhIS+fsFA3UFffenimTkRjMso8TfraxSLFp+ cibarraleonel@gmail.com\n\nssh_pwauth: true\nchpasswd:\n  list: |\n    root:mikroways\n  expire: false\n"},"sensitive_attributes":[],"private":"bnVsbA=="}]},{"mode":"managed","type":"libvirt_domain","name":"vm","provider":"provider[\"registry.opentofu.org/dmacvicar/libvirt\"]","instances":[{"index_key":"vm1-tofu","schema_version":0,"attributes":{"arch":"x86_64","autostart":false,"boot_device":[],"cloudinit":"/var/lib/libvirt/images/cloudinit-vm1-tofu.iso;6d1fb926-d7d7-4aa2-b70f-25cd4f080c07","cmdline":null,"console":[{"source_host":"127.0.0.1","source_path":"","source_service":"0","target_port":"0","target_type":"serial","type":"pty"}],"coreos_ignition":null,"cpu":[{"mode":"custom"}],"description":"","disk":[{"block_device":"","file":"","scsi":false,"url":"","volume_id":"/var/lib/libvirt/images/vm1-tofu.qcow2","wwn":""}],"emulator":"/usr/bin/qemu-system-x86_64","filesystem":[],"firmware":null,"fw_cfg_name":"opt/com.coreos/config","graphics":[],"id":"37e088f5-4346-4fa1-82d0-9777171729fd","initrd":"","kernel":"","machine":"pc","memory":2048,"metadata":null,"name":"vm1-tofu","network_interface":[{"addresses":["192.168.122.231"],"bridge":"","hostname":"","mac":"52:54:00:0E:D2:A9","macvtap":"","network_id":"bc81e7c2-3ba6-4ba6-9f8b-d8ebe1a50a6c","network_name":"default","passthrough":"","vepa":"","wait_for_lease":true}],"nvram":null,"qemu_agent":false,"running":true,"timeouts":null,"tpm":[],"type":"kvm","vcpu":2,"video":[],"xml":[]},"sensitive_attributes":[],"private":"eyJlMmJmYjczMC1lY2FhLTExZTYtOGY4OC0zNDM2M2JjN2M0YzAiOnsiY3JlYXRlIjozMDAwMDAwMDAwMDB9fQ==","dependencies":["libvirt_cloudinit_disk.cloudinit","libvirt_volume.ubuntu2404_template","libvirt_volume.vm_disk"]},{"index_key":"vm2-tofu","schema_version":0,"attributes":{"arch":"x86_64","autostart":false,"boot_device":[],"cloudinit":"/var/lib/libvirt/images/cloudinit-vm2-tofu.iso;8b40bba0-d7c7-45f9-9841-8db83029c758","cmdline":null,"console":[{"source_host":"127.0.0.1","source_path":"","source_service":"0","target_port":"0","target_type":"serial","type":"pty"}],"coreos_ignition":null,"cpu":[{"mode":"custom"}],"description":"","disk":[{"block_device":"","file":"","scsi":false,"url":"","volume_id":"/var/lib/libvirt/images/vm2-tofu.qcow2","wwn":""}],"emulator":"/usr/bin/qemu-system-x86_64","filesystem":[],"firmware":null,"fw_cfg_name":"opt/com.coreos/config","graphics":[],"id":"0ae4d1c8-95f0-44dd-b46a-faead1594678","initrd":"","kernel":"","machine":"pc","memory":2048,"metadata":null,"name":"vm2-tofu","network_interface":[{"addresses":["192.168.122.146"],"bridge":"","hostname":"","mac":"52:54:00:22:B7:9C","macvtap":"","network_id":"bc81e7c2-3ba6-4ba6-9f8b-d8ebe1a50a6c","network_name":"default","passthrough":"","vepa":"","wait_for_lease":true}],"nvram":null,"qemu_agent":false,"running":true,"timeouts":null,"tpm":[],"type":"kvm","vcpu":2,"video":[],"xml":[]},"sensitive_attributes":[],"private":"eyJlMmJmYjczMC1lY2FhLTExZTYtOGY4OC0zNDM2M2JjN2M0YzAiOnsiY3JlYXRlIjozMDAwMDAwMDAwMDB9fQ==","dependencies":["libvirt_cloudinit_disk.cloudinit","libvirt_volume.ubuntu2404_template","libvirt_volume.vm_disk"]},{"index_key":"vm3-tofu","schema_version":0,"attributes":{"arch":"x86_64","autostart":false,"boot_device":[],"cloudinit":"/var/lib/libvirt/images/cloudinit-vm3-tofu.iso;fe6ad212-c20a-4dc8-b665-bee75abf1d9b","cmdline":null,"console":[{"source_host":"127.0.0.1","source_path":"","source_service":"0","target_port":"0","target_type":"serial","type":"pty"}],"coreos_ignition":null,"cpu":[{"mode":"custom"}],"description":"","disk":[{"block_device":"","file":"","scsi":false,"url":"","volume_id":"/var/lib/libvirt/images/vm3-tofu.qcow2","wwn":""}],"emulator":"/usr/bin/qemu-system-x86_64","filesystem":[],"firmware":null,"fw_cfg_name":"opt/com.coreos/config","graphics":[],"id":"d918a92f-8e77-4ceb-864d-ac4edf034a9d","initrd":"","kernel":"","machine":"pc","memory":2048,"metadata":null,"name":"vm3-tofu","network_interface":[{"addresses":["192.168.122.218"],"bridge":"","hostname":"","mac":"52:54:00:BA:A5:30","macvtap":"","network_id":"bc81e7c2-3ba6-4ba6-9f8b-d8ebe1a50a6c","network_name":"default","passthrough":"","vepa":"","wait_for_lease":true}],"nvram":null,"qemu_agent":false,"running":true,"timeouts":null,"tpm":[],"type":"kvm","vcpu":2,"video":[],"xml":[]},"sensitive_attributes":[],"private":"eyJlMmJmYjczMC1lY2FhLTExZTYtOGY4OC0zNDM2M2JjN2M0YzAiOnsiY3JlYXRlIjozMDAwMDAwMDAwMDB9fQ==","dependencies":["libvirt_cloudinit_disk.cloudinit","libvirt_volume.ubuntu2404_template","libvirt_volume.vm_disk"]}]},{"mode":"managed","type":"libvirt_volume","name":"ubuntu2404_template","provider":"provider[\"registry.opentofu.org/dmacvicar/libvirt\"]","instances":[{"schema_version":0,"attributes":{"base_volume_id":null,"base_volume_name":null,"base_volume_pool":null,"format":"qcow2","id":"/var/lib/libvirt/images/ubuntu-2404-template.qcow2","name":"ubuntu-2404-template.qcow2","pool":"default","size":3758096384,"source":"https://cloud-images.ubuntu.com/noble/current/noble-server-cloudimg-amd64.img","xml":[]},"sensitive_attributes":[],"private":"bnVsbA=="}]},{"mode":"managed","type":"libvirt_volume","name":"vm_disk","provider":"provider[\"registry.opentofu.org/dmacvicar/libvirt\"]","instances":[{"index_key":"vm1-tofu","schema_version":0,"attributes":{"base_volume_id":"/var/lib/libvirt/images/ubuntu-2404-template.qcow2","base_volume_name":null,"base_volume_pool":null,"format":"qcow2","id":"/var/lib/libvirt/images/vm1-tofu.qcow2","name":"vm1-tofu.qcow2","pool":"default","size":3758096384,"source":null,"xml":[]},"sensitive_attributes":[],"private":"bnVsbA==","dependencies":["libvirt_volume.ubuntu2404_template"]},{"index_key":"vm2-tofu","schema_version":0,"attributes":{"base_volume_id":"/var/lib/libvirt/images/ubuntu-2404-template.qcow2","base_volume_name":null,"base_volume_pool":null,"format":"qcow2","id":"/var/lib/libvirt/images/vm2-tofu.qcow2","name":"vm2-tofu.qcow2","pool":"default","size":3758096384,"source":null,"xml":[]},"sensitive_attributes":[],"private":"bnVsbA==","dependencies":["libvirt_volume.ubuntu2404_template"]},{"index_key":"vm3-tofu","schema_version":0,"attributes":{"base_volume_id":"/var/lib/libvirt/images/ubuntu-2404-template.qcow2","base_volume_name":null,"base_volume_pool":null,"format":"qcow2","id":"/var/lib/libvirt/images/vm3-tofu.qcow2","name":"vm3-tofu.qcow2","pool":"default","size":3758096384,"source":null,"xml":[]},"sensitive_attributes":[],"private":"bnVsbA==","dependencies":["libvirt_volume.ubuntu2404_template"]}]}],"check_results":null}
