{"version":4,"terraform_version":"1.10.3","serial":5,"lineage":"7d1ccd3b-ff5c-ef0c-e299-b9e674b83fe3","outputs":{"node":{"value":[{"addresses":["192.168.122.25"],"bridge":"","hostname":"","mac":"52:54:00:DE:83:F9","macvtap":"","network_id":"bc81e7c2-3ba6-4ba6-9f8b-d8ebe1a50a6c","network_name":"default","passthrough":"","vepa":"","wait_for_lease":true}],"type":["list",["object",{"addresses":["list","string"],"bridge":"string","hostname":"string","mac":"string","macvtap":"string","network_id":"string","network_name":"string","passthrough":"string","vepa":"string","wait_for_lease":"bool"}]]}},"resources":[{"mode":"managed","type":"libvirt_cloudinit_disk","name":"vm","provider":"provider[\"registry.opentofu.org/dmacvicar/libvirt\"]","instances":[{"schema_version":0,"attributes":{"id":"/var/lib/libvirt/images/cloudinit-vm.iso;892124b1-d906-469e-8e23-6af646444548","meta_data":"","name":"cloudinit-vm.iso","network_config":"","pool":"default","user_data":"#cloud-config\nhostname: ubuntu-vm-1\ncreate_hostname_file: true\nssh_authorized_keys:\n  - ssh-ed25519 AAAAC3NzaC1lZDI1NTE5AAAAIFoSRGzeLhIS+fsFA3UFffenimTkRjMso8TfraxSLFp+ cibarraleonel@gmail.com\n\nssh_pwauth: True\nchpasswd:\n  list: |\n    root:mikroways\n  expire: False\n"},"sensitive_attributes":[],"private":"bnVsbA=="}]},{"mode":"managed","type":"libvirt_domain","name":"vm","provider":"provider[\"registry.opentofu.org/dmacvicar/libvirt\"]","instances":[{"schema_version":0,"attributes":{"arch":"x86_64","autostart":false,"boot_device":[],"cloudinit":"/var/lib/libvirt/images/cloudinit-vm.iso;892124b1-d906-469e-8e23-6af646444548","cmdline":null,"console":[{"source_host":"127.0.0.1","source_path":"","source_service":"0","target_port":"0","target_type":"serial","type":"pty"}],"coreos_ignition":null,"cpu":[{"mode":"custom"}],"description":"","disk":[{"block_device":"","file":"","scsi":false,"url":"","volume_id":"/var/lib/libvirt/images/ubuntu2404-tpl.qcow2","wwn":""}],"emulator":"/usr/bin/qemu-system-x86_64","filesystem":[],"firmware":null,"fw_cfg_name":"opt/com.coreos/config","graphics":[],"id":"4fab7d5f-0db4-414a-876a-7505cc759670","initrd":"","kernel":"","machine":"pc","memory":2048,"metadata":null,"name":"ubuntu-vm-1","network_interface":[{"addresses":["192.168.122.25"],"bridge":"","hostname":"","mac":"52:54:00:DE:83:F9","macvtap":"","network_id":"bc81e7c2-3ba6-4ba6-9f8b-d8ebe1a50a6c","network_name":"default","passthrough":"","vepa":"","wait_for_lease":true}],"nvram":null,"qemu_agent":false,"running":true,"timeouts":null,"tpm":[],"type":"kvm","vcpu":2,"video":[],"xml":[]},"sensitive_attributes":[],"private":"eyJlMmJmYjczMC1lY2FhLTExZTYtOGY4OC0zNDM2M2JjN2M0YzAiOnsiY3JlYXRlIjozMDAwMDAwMDAwMDB9fQ==","dependencies":["libvirt_cloudinit_disk.vm","libvirt_volume.ubuntu-2404_cloudimage"]}]},{"mode":"managed","type":"libvirt_volume","name":"ubuntu-2404_cloudimage","provider":"provider[\"registry.opentofu.org/dmacvicar/libvirt\"]","instances":[{"schema_version":0,"attributes":{"base_volume_id":null,"base_volume_name":null,"base_volume_pool":null,"format":"qcow2","id":"/var/lib/libvirt/images/ubuntu2404-tpl.qcow2","name":"ubuntu2404-tpl.qcow2","pool":"default","size":3758096384,"source":"https://cloud-images.ubuntu.com/noble/current/noble-server-cloudimg-amd64.img","xml":[]},"sensitive_attributes":[],"private":"bnVsbA=="}]}],"check_results":null}
